
Microsoft Visual Studio Solution File, Format Version 12.00
# Visual Studio 15
VisualStudioVersion = 15.0.27428.2015
MinimumVisualStudioVersion = 10.0.40219.1
Project("{FAE04EC0-301F-11D3-BF4B-00C04F79EFBC}") = "DPSCertificateTool", "DPSCertificateTool\DPSCertificateTool.csproj", "{2A254E03-31C4-4EF4-B746-4DAAA5F8225C}"
EndProject
Global
	GlobalSection(SolutionConfigurationPlatforms) = preSolution
		Debug|Any CPU = Debug|Any CPU
		Release|Any CPU = Release|Any CPU
	EndGlobalSection
	GlobalSection(ProjectConfigurationPlatforms) = postSolution
		{2A254E03-31C4-4EF4-B746-4DAAA5F8225C}.Debug|Any CPU.ActiveCfg = Debug|Any CPU
		{2A254E03-31C4-4EF4-B746-4DAAA5F8225C}.Debug|Any CPU.Build.0 = Debug|Any CPU
		{2A254E03-31C4-4EF4-B746-4DAAA5F8225C}.Release|Any CPU.ActiveCfg = Release|Any CPU
		{2A254E03-31C4-4EF4-B746-4DAAA5F8225C}.Release|Any CPU.Build.0 = Release|Any CPU
	EndGlobalSection
	GlobalSection(SolutionProperties) = preSolution
		HideSolutionNode = FALSE
	EndGlobalSection
	GlobalSection(ExtensibilityGlobals) = postSolution
		SolutionGuid = {3BB3B0B4-2ADF-42AA-81D0-95796BC0ED3B}
	EndGlobalSection
EndGlobal
